
Microsoft Visual Studio Solution File, Format Version 12.00
# Visual Studio 14
VisualStudioVersion = 14.0.25420.1
MinimumVisualStudioVersion = 10.0.40219.1
Project("{FAE04EC0-301F-11D3-BF4B-00C04F79EFBC}") = "TeamDataForum.DBModels", "TeamDataForum.DBModels\TeamDataForum.DBModels.csproj", "{18190A3F-0FC7-4CCD-AB9B-88580887E458}"
EndProject
Project("{FAE04EC0-301F-11D3-BF4B-00C04F79EFBC}") = "TeamDataForum.DB", "TeamDataForum.DB\TeamDataForum.DB.csproj", "{4AC8BB64-623A-4A44-8E09-56D73F2B4886}"
EndProject
Project("{FAE04EC0-301F-11D3-BF4B-00C04F79EFBC}") = "TeamDataForum.Web", "TeamDataForum.Web\TeamDataForum.Web.csproj", "{DBE3FD9E-68E8-40B5-A502-7C515894BA96}"
EndProject
Project("{FAE04EC0-301F-11D3-BF4B-00C04F79EFBC}") = "TeamDataForum.Repository", "TeamDataForum.Repository\TeamDataForum.Repository.csproj", "{8FF94A34-ADE4-4D4A-B7FE-79CF3927BAC0}"
EndProject
Project("{FAE04EC0-301F-11D3-BF4B-00C04F79EFBC}") = "TeamDataForum.UnitOfWork", "TeamDataForum.UnitOfWork\TeamDataForum.UnitOfWork.csproj", "{AFF3342C-612B-43A4-AED1-398F27D28D3B}"
EndProject
Project("{FAE04EC0-301F-11D3-BF4B-00C04F79EFBC}") = "TeamDataForum.Tests", "TeamDataForum.Tests\TeamDataForum.Tests.csproj", "{DF3B6075-1853-4135-9F5F-518E8ECAAD32}"
EndProject
Project("{FAE04EC0-301F-11D3-BF4B-00C04F79EFBC}") = "TeamDataForum.Resources", "TeamDataForum.Resources\TeamDataForum.Resources.csproj", "{FD5A11CC-7E1D-4A53-91D5-85A17F2A7C28}"
EndProject
Global
	GlobalSection(SolutionConfigurationPlatforms) = preSolution
		Debug|Any CPU = Debug|Any CPU
		Release|Any CPU = Release|Any CPU
	EndGlobalSection
	GlobalSection(ProjectConfigurationPlatforms) = postSolution
		{18190A3F-0FC7-4CCD-AB9B-88580887E458}.Debug|Any CPU.ActiveCfg = Debug|Any CPU
		{18190A3F-0FC7-4CCD-AB9B-88580887E458}.Debug|Any CPU.Build.0 = Debug|Any CPU
		{18190A3F-0FC7-4CCD-AB9B-88580887E458}.Release|Any CPU.ActiveCfg = Release|Any CPU
		{18190A3F-0FC7-4CCD-AB9B-88580887E458}.Release|Any CPU.Build.0 = Release|Any CPU
		{4AC8BB64-623A-4A44-8E09-56D73F2B4886}.Debug|Any CPU.ActiveCfg = Debug|Any CPU
		{4AC8BB64-623A-4A44-8E09-56D73F2B4886}.Debug|Any CPU.Build.0 = Debug|Any CPU
		{4AC8BB64-623A-4A44-8E09-56D73F2B4886}.Release|Any CPU.ActiveCfg = Release|Any CPU
		{4AC8BB64-623A-4A44-8E09-56D73F2B4886}.Release|Any CPU.Build.0 = Release|Any CPU
		{DBE3FD9E-68E8-40B5-A502-7C515894BA96}.Debug|Any CPU.ActiveCfg = Debug|Any CPU
		{DBE3FD9E-68E8-40B5-A502-7C515894BA96}.Debug|Any CPU.Build.0 = Debug|Any CPU
		{DBE3FD9E-68E8-40B5-A502-7C515894BA96}.Release|Any CPU.ActiveCfg = Release|Any CPU
		{DBE3FD9E-68E8-40B5-A502-7C515894BA96}.Release|Any CPU.Build.0 = Release|Any CPU
		{8FF94A34-ADE4-4D4A-B7FE-79CF3927BAC0}.Debug|Any CPU.ActiveCfg = Debug|Any CPU
		{8FF94A34-ADE4-4D4A-B7FE-79CF3927BAC0}.Debug|Any CPU.Build.0 = Debug|Any CPU
		{8FF94A34-ADE4-4D4A-B7FE-79CF3927BAC0}.Release|Any CPU.ActiveCfg = Release|Any CPU
		{8FF94A34-ADE4-4D4A-B7FE-79CF3927BAC0}.Release|Any CPU.Build.0 = Release|Any CPU
		{AFF3342C-612B-43A4-AED1-398F27D28D3B}.Debug|Any CPU.ActiveCfg = Debug|Any CPU
		{AFF3342C-612B-43A4-AED1-398F27D28D3B}.Debug|Any CPU.Build.0 = Debug|Any CPU
		{AFF3342C-612B-43A4-AED1-398F27D28D3B}.Release|Any CPU.ActiveCfg = Release|Any CPU
		{AFF3342C-612B-43A4-AED1-398F27D28D3B}.Release|Any CPU.Build.0 = Release|Any CPU
		{DF3B6075-1853-4135-9F5F-518E8ECAAD32}.Debug|Any CPU.ActiveCfg = Debug|Any CPU
		{DF3B6075-1853-4135-9F5F-518E8ECAAD32}.Debug|Any CPU.Build.0 = Debug|Any CPU
		{DF3B6075-1853-4135-9F5F-518E8ECAAD32}.Release|Any CPU.ActiveCfg = Release|Any CPU
		{DF3B6075-1853-4135-9F5F-518E8ECAAD32}.Release|Any CPU.Build.0 = Release|Any CPU
		{FD5A11CC-7E1D-4A53-91D5-85A17F2A7C28}.Debug|Any CPU.ActiveCfg = Debug|Any CPU
		{FD5A11CC-7E1D-4A53-91D5-85A17F2A7C28}.Debug|Any CPU.Build.0 = Debug|Any CPU
		{FD5A11CC-7E1D-4A53-91D5-85A17F2A7C28}.Release|Any CPU.ActiveCfg = Release|Any CPU
		{FD5A11CC-7E1D-4A53-91D5-85A17F2A7C28}.Release|Any CPU.Build.0 = Release|Any CPU
	EndGlobalSection
	GlobalSection(SolutionProperties) = preSolution
		HideSolutionNode = FALSE
	EndGlobalSection
EndGlobal
